
Microsoft Visual Studio Solution File, Format Version 12.00
# Visual Studio Version 17
VisualStudioVersion = 17.9.34622.214
MinimumVisualStudioVersion = 10.0.40219.1
Project("{FAE04EC0-301F-11D3-BF4B-00C04F79EFBC}") = "EvenBetterSaveLoad", "EvenBetterSaveLoad.csproj", "{04083BBA-48B8-417C-8DCB-60BD0FD535DA}"
EndProject
Global
	GlobalSection(SolutionConfigurationPlatforms) = preSolution
		Debug|Any CPU = Debug|Any CPU
		Release|Any CPU = Release|Any CPU
	EndGlobalSection
	GlobalSection(ProjectConfigurationPlatforms) = postSolution
		{04083BBA-48B8-417C-8DCB-60BD0FD535DA}.Debug|Any CPU.ActiveCfg = Debug|Any CPU
		{04083BBA-48B8-417C-8DCB-60BD0FD535DA}.Debug|Any CPU.Build.0 = Debug|Any CPU
		{04083BBA-48B8-417C-8DCB-60BD0FD535DA}.Release|Any CPU.ActiveCfg = Release|Any CPU
		{04083BBA-48B8-417C-8DCB-60BD0FD535DA}.Release|Any CPU.Build.0 = Release|Any CPU
	EndGlobalSection
	GlobalSection(SolutionProperties) = preSolution
		HideSolutionNode = FALSE
	EndGlobalSection
	GlobalSection(ExtensibilityGlobals) = postSolution
		SolutionGuid = {A3793854-C397-4EC5-A45B-4A9488FFBAE0}
	EndGlobalSection
EndGlobal
